
Microsoft Visual Studio Solution File, Format Version 12.00
# Visual Studio 2012
Project("{FAE04EC0-301F-11D3-BF4B-00C04F79EFBC}") = "AppHarbor", "AppHarbor.csproj", "{7C36FD68-10B6-4E57-B762-86908EAFC2C6}"
EndProject
Project("{E24C65DC-7377-472B-9ABA-BC803B73C61A}") = "AppHarbor.Web", "http://localhost:64975", "{185FEA1A-33BC-49E2-872F-91E4A6B08028}"
	ProjectSection(WebsiteProperties) = preProject
		UseIISExpress = "true"
		TargetFrameworkMoniker = ".NETFramework,Version%3Dv4.5"
		Debug.AspNetCompiler.VirtualPath = "/localhost_64975"
		Debug.AspNetCompiler.PhysicalPath = "..\AppHarbor.Web\"
		Debug.AspNetCompiler.TargetPath = "PrecompiledWeb\localhost_64975\"
		Debug.AspNetCompiler.Updateable = "true"
		Debug.AspNetCompiler.ForceOverwrite = "true"
		Debug.AspNetCompiler.FixedNames = "false"
		Debug.AspNetCompiler.Debug = "True"
		Release.AspNetCompiler.VirtualPath = "/localhost_64975"
		Release.AspNetCompiler.PhysicalPath = "..\AppHarbor.Web\"
		Release.AspNetCompiler.TargetPath = "PrecompiledWeb\localhost_64975\"
		Release.AspNetCompiler.Updateable = "true"
		Release.AspNetCompiler.ForceOverwrite = "true"
		Release.AspNetCompiler.FixedNames = "false"
		Release.AspNetCompiler.Debug = "False"
		SlnRelativePath = "..\AppHarbor.Web\"
		DefaultWebSiteLanguage = "Visual C#"
		ProjOutputReferences = "{7C36FD68-10B6-4E57-B762-86908EAFC2C6}|ClientBin|false;"
	EndProjectSection
EndProject
Project("{FAE04EC0-301F-11D3-BF4B-00C04F79EFBC}") = "Sparrow.Chart.Silverlight_SL4", "..\Work\Source\Sparrow.Chart\Silverlight\Sparrow.Chart.Silverlight_SL4.csproj", "{DDB73CF4-9C97-47C6-816C-11518A89CA56}"
EndProject
Global
	GlobalSection(SolutionConfigurationPlatforms) = preSolution
		Debug|Any CPU = Debug|Any CPU
		Release|Any CPU = Release|Any CPU
	EndGlobalSection
	GlobalSection(ProjectConfigurationPlatforms) = postSolution
		{7C36FD68-10B6-4E57-B762-86908EAFC2C6}.Debug|Any CPU.ActiveCfg = Debug|Any CPU
		{7C36FD68-10B6-4E57-B762-86908EAFC2C6}.Debug|Any CPU.Build.0 = Debug|Any CPU
		{7C36FD68-10B6-4E57-B762-86908EAFC2C6}.Release|Any CPU.ActiveCfg = Release|Any CPU
		{7C36FD68-10B6-4E57-B762-86908EAFC2C6}.Release|Any CPU.Build.0 = Release|Any CPU
		{185FEA1A-33BC-49E2-872F-91E4A6B08028}.Debug|Any CPU.ActiveCfg = Debug|Any CPU
		{185FEA1A-33BC-49E2-872F-91E4A6B08028}.Debug|Any CPU.Build.0 = Debug|Any CPU
		{185FEA1A-33BC-49E2-872F-91E4A6B08028}.Release|Any CPU.ActiveCfg = Debug|Any CPU
		{185FEA1A-33BC-49E2-872F-91E4A6B08028}.Release|Any CPU.Build.0 = Debug|Any CPU
		{DDB73CF4-9C97-47C6-816C-11518A89CA56}.Debug|Any CPU.ActiveCfg = Debug|Any CPU
		{DDB73CF4-9C97-47C6-816C-11518A89CA56}.Debug|Any CPU.Build.0 = Debug|Any CPU
		{DDB73CF4-9C97-47C6-816C-11518A89CA56}.Release|Any CPU.ActiveCfg = Release|Any CPU
		{DDB73CF4-9C97-47C6-816C-11518A89CA56}.Release|Any CPU.Build.0 = Release|Any CPU
	EndGlobalSection
	GlobalSection(SolutionProperties) = preSolution
		HideSolutionNode = FALSE
	EndGlobalSection
EndGlobal
